
Microsoft Visual Studio Solution File, Format Version 11.00
# Visual Studio 2010
Project("{8BC9CEB8-8B4A-11D0-8D11-00A0C91BC942}") = "Zadatak7", "Zadatak7\Zadatak7.vcxproj", "{F2C0D09F-0842-4421-905B-A8DDD08D45D8}"
EndProject
Global
	GlobalSection(SolutionConfigurationPlatforms) = preSolution
		Debug|Win32 = Debug|Win32
		Release|Win32 = Release|Win32
	EndGlobalSection
	GlobalSection(ProjectConfigurationPlatforms) = postSolution
		{F2C0D09F-0842-4421-905B-A8DDD08D45D8}.Debug|Win32.ActiveCfg = Debug|Win32
		{F2C0D09F-0842-4421-905B-A8DDD08D45D8}.Debug|Win32.Build.0 = Debug|Win32
		{F2C0D09F-0842-4421-905B-A8DDD08D45D8}.Release|Win32.ActiveCfg = Release|Win32
		{F2C0D09F-0842-4421-905B-A8DDD08D45D8}.Release|Win32.Build.0 = Release|Win32
	EndGlobalSection
	GlobalSection(SolutionProperties) = preSolution
		HideSolutionNode = FALSE
	EndGlobalSection
EndGlobal
