
Microsoft Visual Studio Solution File, Format Version 11.00
# Visual Studio 2010
Project("{8BC9CEB8-8B4A-11D0-8D11-00A0C91BC942}") = "zad11", "zad11\zad11.vcxproj", "{43139F2B-1320-4E0B-AA5F-A0C5A45C6511}"
EndProject
Global
	GlobalSection(SolutionConfigurationPlatforms) = preSolution
		Debug|Win32 = Debug|Win32
		Release|Win32 = Release|Win32
	EndGlobalSection
	GlobalSection(ProjectConfigurationPlatforms) = postSolution
		{43139F2B-1320-4E0B-AA5F-A0C5A45C6511}.Debug|Win32.ActiveCfg = Debug|Win32
		{43139F2B-1320-4E0B-AA5F-A0C5A45C6511}.Debug|Win32.Build.0 = Debug|Win32
		{43139F2B-1320-4E0B-AA5F-A0C5A45C6511}.Release|Win32.ActiveCfg = Release|Win32
		{43139F2B-1320-4E0B-AA5F-A0C5A45C6511}.Release|Win32.Build.0 = Release|Win32
	EndGlobalSection
	GlobalSection(SolutionProperties) = preSolution
		HideSolutionNode = FALSE
	EndGlobalSection
EndGlobal
