
Microsoft Visual Studio Solution File, Format Version 11.00
# Visual Studio 2010
Project("{8BC9CEB8-8B4A-11D0-8D11-00A0C91BC942}") = "HeapDinamic", "HeapDinamic\HeapDinamic.vcxproj", "{D43E4FA3-1757-4AAB-9BD7-9217F3AC77BE}"
EndProject
Global
	GlobalSection(SolutionConfigurationPlatforms) = preSolution
		Debug|Win32 = Debug|Win32
		Release|Win32 = Release|Win32
	EndGlobalSection
	GlobalSection(ProjectConfigurationPlatforms) = postSolution
		{D43E4FA3-1757-4AAB-9BD7-9217F3AC77BE}.Debug|Win32.ActiveCfg = Debug|Win32
		{D43E4FA3-1757-4AAB-9BD7-9217F3AC77BE}.Debug|Win32.Build.0 = Debug|Win32
		{D43E4FA3-1757-4AAB-9BD7-9217F3AC77BE}.Release|Win32.ActiveCfg = Release|Win32
		{D43E4FA3-1757-4AAB-9BD7-9217F3AC77BE}.Release|Win32.Build.0 = Release|Win32
	EndGlobalSection
	GlobalSection(SolutionProperties) = preSolution
		HideSolutionNode = FALSE
	EndGlobalSection
EndGlobal
