
Microsoft Visual Studio Solution File, Format Version 11.00
# Visual C++ Express 2010
Project("{8BC9CEB8-8B4A-11D0-8D11-00A0C91BC942}") = "Zadatak8", "Zadatak8.vcxproj", "{AEB3D230-254A-4397-BCEF-373BEF8B6B85}"
EndProject
Global
	GlobalSection(SolutionConfigurationPlatforms) = preSolution
		Debug|Win32 = Debug|Win32
		Release|Win32 = Release|Win32
	EndGlobalSection
	GlobalSection(ProjectConfigurationPlatforms) = postSolution
		{AEB3D230-254A-4397-BCEF-373BEF8B6B85}.Debug|Win32.ActiveCfg = Debug|Win32
		{AEB3D230-254A-4397-BCEF-373BEF8B6B85}.Debug|Win32.Build.0 = Debug|Win32
		{AEB3D230-254A-4397-BCEF-373BEF8B6B85}.Release|Win32.ActiveCfg = Release|Win32
		{AEB3D230-254A-4397-BCEF-373BEF8B6B85}.Release|Win32.Build.0 = Release|Win32
	EndGlobalSection
	GlobalSection(SolutionProperties) = preSolution
		HideSolutionNode = FALSE
	EndGlobalSection
EndGlobal
