
Microsoft Visual Studio Solution File, Format Version 11.00
# Visual Studio 2010
Project("{8BC9CEB8-8B4A-11D0-8D11-00A0C91BC942}") = "Zadatak7", "Zadatak7\Zadatak7.vcxproj", "{5D00F85A-D52B-41DB-9AE7-F62CB9DEB6EE}"
EndProject
Global
	GlobalSection(SolutionConfigurationPlatforms) = preSolution
		Debug|Win32 = Debug|Win32
		Release|Win32 = Release|Win32
	EndGlobalSection
	GlobalSection(ProjectConfigurationPlatforms) = postSolution
		{5D00F85A-D52B-41DB-9AE7-F62CB9DEB6EE}.Debug|Win32.ActiveCfg = Debug|Win32
		{5D00F85A-D52B-41DB-9AE7-F62CB9DEB6EE}.Debug|Win32.Build.0 = Debug|Win32
		{5D00F85A-D52B-41DB-9AE7-F62CB9DEB6EE}.Release|Win32.ActiveCfg = Release|Win32
		{5D00F85A-D52B-41DB-9AE7-F62CB9DEB6EE}.Release|Win32.Build.0 = Release|Win32
	EndGlobalSection
	GlobalSection(SolutionProperties) = preSolution
		HideSolutionNode = FALSE
	EndGlobalSection
EndGlobal
